# This file is automatically generated by pnpm
lockfileVersion: '9.0'

settings:
  autoInstallPeers: true
  excludeLinksFromLockfile: false

catalogs: {}

importers:

  .: {}

  apps/marketing: {}

  apps/platform: {}

  packages/automations: {}

  packages/configurator-engine: {}

  packages/design-tokens: {}

  packages/email: {}

  packages/roi: {}

  packages/types: {}

  packages/ui: {}

  packages/utils: {}
